
Microsoft Visual Studio Solution File, Format Version 12.00
# Visual Studio Version 17
VisualStudioVersion = 17.0.31912.275
MinimumVisualStudioVersion = 10.0.40219.1
Project("{FAE04EC0-301F-11D3-BF4B-00C04F79EFBC}") = "Delegate", "..\Delegate\Delegate.csproj", "{50209F5D-B6D2-4B7F-BCDB-5B42E4A2AE28}"
EndProject
Project("{FAE04EC0-301F-11D3-BF4B-00C04F79EFBC}") = "BackJoon_10845", "BackJoon_10845\BackJoon_10845.csproj", "{7889DE48-5BDC-4E15-8F20-685AB436BBCD}"
EndProject
Project("{FAE04EC0-301F-11D3-BF4B-00C04F79EFBC}") = "BackJoon_1920", "BackJoon_1920\BackJoon_1920.csproj", "{81FF6E55-01DA-4FA7-B87F-460268268DD2}"
EndProject
Project("{FAE04EC0-301F-11D3-BF4B-00C04F79EFBC}") = "BackJoon_2566", "BackJoon_2566\BackJoon_2566.csproj", "{102C606F-CF5D-4948-94F0-69FE11705CB6}"
EndProject
Project("{FAE04EC0-301F-11D3-BF4B-00C04F79EFBC}") = "BackJoon_2441", "BackJoon_2441\BackJoon_2441.csproj", "{2EE84871-715D-473F-BC9C-1A78EA0C4AB7}"
EndProject
Project("{FAE04EC0-301F-11D3-BF4B-00C04F79EFBC}") = "BackJoon_2501", "BackJoon_2501\BackJoon_2501.csproj", "{90CE8CA8-536E-4243-9AA7-3A304C2861A7}"
EndProject
Project("{FAE04EC0-301F-11D3-BF4B-00C04F79EFBC}") = "BackJoon_2506", "BackJoon_2506\BackJoon_2506.csproj", "{E2A65E6D-F1D8-4B1E-8B81-4FC8B067AB72}"
EndProject
Project("{FAE04EC0-301F-11D3-BF4B-00C04F79EFBC}") = "BackJoon_1094", "BackJoon_1094\BackJoon_1094.csproj", "{AD90AEAA-BE59-4FE1-B645-7AAEE55BAA3E}"
EndProject
Project("{FAE04EC0-301F-11D3-BF4B-00C04F79EFBC}") = "Enumrable", "Enumrable\Enumrable.csproj", "{E3D2F3A1-F752-4D42-B9F0-2B6FBAA4E0BC}"
EndProject
Project("{FAE04EC0-301F-11D3-BF4B-00C04F79EFBC}") = "BackJoon_1145", "BackJoon_1145\BackJoon_1145.csproj", "{C821224B-D820-4F6F-8835-8BC50B032614}"
EndProject
Project("{2150E333-8FDC-42A3-9474-1A3956D46DE8}") = "BackJoon", "BackJoon", "{7FE45999-B9F1-4387-913B-E979E0F4C44F}"
EndProject
Project("{2150E333-8FDC-42A3-9474-1A3956D46DE8}") = "CSharp", "CSharp", "{6075D7A4-A8C8-4598-ABA2-237777DBAA38}"
EndProject
Project("{FAE04EC0-301F-11D3-BF4B-00C04F79EFBC}") = "Silver5_BackJoon1331_X", "BackJoon_1331(Silver5)\Silver5_BackJoon1331_X.csproj", "{3B3F57EE-6658-4F26-B34D-51BA2030EB0F}"
EndProject
Project("{FAE04EC0-301F-11D3-BF4B-00C04F79EFBC}") = "Bronze3_BackJoon2576_O", "BackJoon_2576\Bronze3_BackJoon2576_O.csproj", "{BC17749E-75C9-40D2-A3C0-0A1B2DA17896}"
EndProject
Project("{FAE04EC0-301F-11D3-BF4B-00C04F79EFBC}") = "Bronze1_BackJoon1526_O", "BackJoon_1526(Bronze1, O)\Bronze1_BackJoon1526_O.csproj", "{232DC83D-9AF5-486A-AC40-2854A3B55BB8}"
EndProject
Project("{FAE04EC0-301F-11D3-BF4B-00C04F79EFBC}") = "Bronze3_BackJoon2985_X", "Bronze3_BackJoon2985_X\Bronze3_BackJoon2985_X.csproj", "{D31949CE-2DE4-4D5A-95EC-A90E4E20AB58}"
EndProject
Project("{FAE04EC0-301F-11D3-BF4B-00C04F79EFBC}") = "Bronze5_BackJone5337_O", "Bronze5_BackJone5337_O\Bronze5_BackJone5337_O.csproj", "{0383F883-9C5F-46E4-BC23-430E24A43510}"
EndProject
Project("{2150E333-8FDC-42A3-9474-1A3956D46DE8}") = "C++", "C++", "{0D362A0A-7E65-484F-9D29-B8881A432D33}"
EndProject
Project("{FAE04EC0-301F-11D3-BF4B-00C04F79EFBC}") = "Silver4_BackJoon9012_O", "Silver4_BackJoon9012_X\Silver4_BackJoon9012_O.csproj", "{6CA00820-596E-49C8-90F2-1E0F8830467F}"
EndProject
Project("{FAE04EC0-301F-11D3-BF4B-00C04F79EFBC}") = "Silver5_BackJoon11866_O", "Silver5_BackJoon11866_X\Silver5_BackJoon11866_O.csproj", "{FF457A2F-32EC-4377-AC25-0EF796766187}"
EndProject
Project("{FAE04EC0-301F-11D3-BF4B-00C04F79EFBC}") = "Silver4_BackJoon1018_X", "Silver4_BackJoon1018_X\Silver4_BackJoon1018_X.csproj", "{8FECDA61-09BE-4A5E-B257-FEEF4216913D}"
EndProject
Project("{FAE04EC0-301F-11D3-BF4B-00C04F79EFBC}") = "Bronze5_BackJoon2338_X", "Bronze5_BackJoon2338_O\Bronze5_BackJoon2338_X.csproj", "{0B9B2781-9FFA-4DFE-9FC4-C67B65BCECF2}"
EndProject
Project("{FAE04EC0-301F-11D3-BF4B-00C04F79EFBC}") = "Bronze5_BackJoon2420_O", "Bronze5_BackJoon2420_O\Bronze5_BackJoon2420_O.csproj", "{10713998-0327-493D-9003-6B155312346B}"
EndProject
Project("{FAE04EC0-301F-11D3-BF4B-00C04F79EFBC}") = "Bronze4_BackJoon5596_O", "Bronze4_BackJoon5596_O\Bronze4_BackJoon5596_O.csproj", "{FBB31C94-C459-49E7-8F17-DFC942A85860}"
EndProject
Global
	GlobalSection(SolutionConfigurationPlatforms) = preSolution
		Debug|Any CPU = Debug|Any CPU
		Release|Any CPU = Release|Any CPU
	EndGlobalSection
	GlobalSection(ProjectConfigurationPlatforms) = postSolution
		{50209F5D-B6D2-4B7F-BCDB-5B42E4A2AE28}.Debug|Any CPU.ActiveCfg = Debug|Any CPU
		{50209F5D-B6D2-4B7F-BCDB-5B42E4A2AE28}.Debug|Any CPU.Build.0 = Debug|Any CPU
		{50209F5D-B6D2-4B7F-BCDB-5B42E4A2AE28}.Release|Any CPU.ActiveCfg = Release|Any CPU
		{50209F5D-B6D2-4B7F-BCDB-5B42E4A2AE28}.Release|Any CPU.Build.0 = Release|Any CPU
		{7889DE48-5BDC-4E15-8F20-685AB436BBCD}.Debug|Any CPU.ActiveCfg = Debug|Any CPU
		{7889DE48-5BDC-4E15-8F20-685AB436BBCD}.Debug|Any CPU.Build.0 = Debug|Any CPU
		{7889DE48-5BDC-4E15-8F20-685AB436BBCD}.Release|Any CPU.ActiveCfg = Release|Any CPU
		{7889DE48-5BDC-4E15-8F20-685AB436BBCD}.Release|Any CPU.Build.0 = Release|Any CPU
		{81FF6E55-01DA-4FA7-B87F-460268268DD2}.Debug|Any CPU.ActiveCfg = Debug|Any CPU
		{81FF6E55-01DA-4FA7-B87F-460268268DD2}.Debug|Any CPU.Build.0 = Debug|Any CPU
		{81FF6E55-01DA-4FA7-B87F-460268268DD2}.Release|Any CPU.ActiveCfg = Release|Any CPU
		{81FF6E55-01DA-4FA7-B87F-460268268DD2}.Release|Any CPU.Build.0 = Release|Any CPU
		{102C606F-CF5D-4948-94F0-69FE11705CB6}.Debug|Any CPU.ActiveCfg = Debug|Any CPU
		{102C606F-CF5D-4948-94F0-69FE11705CB6}.Debug|Any CPU.Build.0 = Debug|Any CPU
		{102C606F-CF5D-4948-94F0-69FE11705CB6}.Release|Any CPU.ActiveCfg = Release|Any CPU
		{102C606F-CF5D-4948-94F0-69FE11705CB6}.Release|Any CPU.Build.0 = Release|Any CPU
		{2EE84871-715D-473F-BC9C-1A78EA0C4AB7}.Debug|Any CPU.ActiveCfg = Debug|Any CPU
		{2EE84871-715D-473F-BC9C-1A78EA0C4AB7}.Debug|Any CPU.Build.0 = Debug|Any CPU
		{2EE84871-715D-473F-BC9C-1A78EA0C4AB7}.Release|Any CPU.ActiveCfg = Release|Any CPU
		{2EE84871-715D-473F-BC9C-1A78EA0C4AB7}.Release|Any CPU.Build.0 = Release|Any CPU
		{90CE8CA8-536E-4243-9AA7-3A304C2861A7}.Debug|Any CPU.ActiveCfg = Debug|Any CPU
		{90CE8CA8-536E-4243-9AA7-3A304C2861A7}.Debug|Any CPU.Build.0 = Debug|Any CPU
		{90CE8CA8-536E-4243-9AA7-3A304C2861A7}.Release|Any CPU.ActiveCfg = Release|Any CPU
		{90CE8CA8-536E-4243-9AA7-3A304C2861A7}.Release|Any CPU.Build.0 = Release|Any CPU
		{E2A65E6D-F1D8-4B1E-8B81-4FC8B067AB72}.Debug|Any CPU.ActiveCfg = Debug|Any CPU
		{E2A65E6D-F1D8-4B1E-8B81-4FC8B067AB72}.Debug|Any CPU.Build.0 = Debug|Any CPU
		{E2A65E6D-F1D8-4B1E-8B81-4FC8B067AB72}.Release|Any CPU.ActiveCfg = Release|Any CPU
		{E2A65E6D-F1D8-4B1E-8B81-4FC8B067AB72}.Release|Any CPU.Build.0 = Release|Any CPU
		{AD90AEAA-BE59-4FE1-B645-7AAEE55BAA3E}.Debug|Any CPU.ActiveCfg = Debug|Any CPU
		{AD90AEAA-BE59-4FE1-B645-7AAEE55BAA3E}.Debug|Any CPU.Build.0 = Debug|Any CPU
		{AD90AEAA-BE59-4FE1-B645-7AAEE55BAA3E}.Release|Any CPU.ActiveCfg = Release|Any CPU
		{AD90AEAA-BE59-4FE1-B645-7AAEE55BAA3E}.Release|Any CPU.Build.0 = Release|Any CPU
		{E3D2F3A1-F752-4D42-B9F0-2B6FBAA4E0BC}.Debug|Any CPU.ActiveCfg = Debug|Any CPU
		{E3D2F3A1-F752-4D42-B9F0-2B6FBAA4E0BC}.Debug|Any CPU.Build.0 = Debug|Any CPU
		{E3D2F3A1-F752-4D42-B9F0-2B6FBAA4E0BC}.Release|Any CPU.ActiveCfg = Release|Any CPU
		{E3D2F3A1-F752-4D42-B9F0-2B6FBAA4E0BC}.Release|Any CPU.Build.0 = Release|Any CPU
		{C821224B-D820-4F6F-8835-8BC50B032614}.Debug|Any CPU.ActiveCfg = Debug|Any CPU
		{C821224B-D820-4F6F-8835-8BC50B032614}.Debug|Any CPU.Build.0 = Debug|Any CPU
		{C821224B-D820-4F6F-8835-8BC50B032614}.Release|Any CPU.ActiveCfg = Release|Any CPU
		{C821224B-D820-4F6F-8835-8BC50B032614}.Release|Any CPU.Build.0 = Release|Any CPU
		{3B3F57EE-6658-4F26-B34D-51BA2030EB0F}.Debug|Any CPU.ActiveCfg = Debug|Any CPU
		{3B3F57EE-6658-4F26-B34D-51BA2030EB0F}.Debug|Any CPU.Build.0 = Debug|Any CPU
		{3B3F57EE-6658-4F26-B34D-51BA2030EB0F}.Release|Any CPU.ActiveCfg = Release|Any CPU
		{3B3F57EE-6658-4F26-B34D-51BA2030EB0F}.Release|Any CPU.Build.0 = Release|Any CPU
		{BC17749E-75C9-40D2-A3C0-0A1B2DA17896}.Debug|Any CPU.ActiveCfg = Debug|Any CPU
		{BC17749E-75C9-40D2-A3C0-0A1B2DA17896}.Debug|Any CPU.Build.0 = Debug|Any CPU
		{BC17749E-75C9-40D2-A3C0-0A1B2DA17896}.Release|Any CPU.ActiveCfg = Release|Any CPU
		{BC17749E-75C9-40D2-A3C0-0A1B2DA17896}.Release|Any CPU.Build.0 = Release|Any CPU
		{232DC83D-9AF5-486A-AC40-2854A3B55BB8}.Debug|Any CPU.ActiveCfg = Debug|Any CPU
		{232DC83D-9AF5-486A-AC40-2854A3B55BB8}.Debug|Any CPU.Build.0 = Debug|Any CPU
		{232DC83D-9AF5-486A-AC40-2854A3B55BB8}.Release|Any CPU.ActiveCfg = Release|Any CPU
		{232DC83D-9AF5-486A-AC40-2854A3B55BB8}.Release|Any CPU.Build.0 = Release|Any CPU
		{D31949CE-2DE4-4D5A-95EC-A90E4E20AB58}.Debug|Any CPU.ActiveCfg = Debug|Any CPU
		{D31949CE-2DE4-4D5A-95EC-A90E4E20AB58}.Debug|Any CPU.Build.0 = Debug|Any CPU
		{D31949CE-2DE4-4D5A-95EC-A90E4E20AB58}.Release|Any CPU.ActiveCfg = Release|Any CPU
		{D31949CE-2DE4-4D5A-95EC-A90E4E20AB58}.Release|Any CPU.Build.0 = Release|Any CPU
		{0383F883-9C5F-46E4-BC23-430E24A43510}.Debug|Any CPU.ActiveCfg = Debug|Any CPU
		{0383F883-9C5F-46E4-BC23-430E24A43510}.Debug|Any CPU.Build.0 = Debug|Any CPU
		{0383F883-9C5F-46E4-BC23-430E24A43510}.Release|Any CPU.ActiveCfg = Release|Any CPU
		{0383F883-9C5F-46E4-BC23-430E24A43510}.Release|Any CPU.Build.0 = Release|Any CPU
		{6CA00820-596E-49C8-90F2-1E0F8830467F}.Debug|Any CPU.ActiveCfg = Debug|Any CPU
		{6CA00820-596E-49C8-90F2-1E0F8830467F}.Debug|Any CPU.Build.0 = Debug|Any CPU
		{6CA00820-596E-49C8-90F2-1E0F8830467F}.Release|Any CPU.ActiveCfg = Release|Any CPU
		{6CA00820-596E-49C8-90F2-1E0F8830467F}.Release|Any CPU.Build.0 = Release|Any CPU
		{FF457A2F-32EC-4377-AC25-0EF796766187}.Debug|Any CPU.ActiveCfg = Debug|Any CPU
		{FF457A2F-32EC-4377-AC25-0EF796766187}.Debug|Any CPU.Build.0 = Debug|Any CPU
		{FF457A2F-32EC-4377-AC25-0EF796766187}.Release|Any CPU.ActiveCfg = Release|Any CPU
		{FF457A2F-32EC-4377-AC25-0EF796766187}.Release|Any CPU.Build.0 = Release|Any CPU
		{8FECDA61-09BE-4A5E-B257-FEEF4216913D}.Debug|Any CPU.ActiveCfg = Debug|Any CPU
		{8FECDA61-09BE-4A5E-B257-FEEF4216913D}.Debug|Any CPU.Build.0 = Debug|Any CPU
		{8FECDA61-09BE-4A5E-B257-FEEF4216913D}.Release|Any CPU.ActiveCfg = Release|Any CPU
		{8FECDA61-09BE-4A5E-B257-FEEF4216913D}.Release|Any CPU.Build.0 = Release|Any CPU
		{0B9B2781-9FFA-4DFE-9FC4-C67B65BCECF2}.Debug|Any CPU.ActiveCfg = Debug|Any CPU
		{0B9B2781-9FFA-4DFE-9FC4-C67B65BCECF2}.Debug|Any CPU.Build.0 = Debug|Any CPU
		{0B9B2781-9FFA-4DFE-9FC4-C67B65BCECF2}.Release|Any CPU.ActiveCfg = Release|Any CPU
		{0B9B2781-9FFA-4DFE-9FC4-C67B65BCECF2}.Release|Any CPU.Build.0 = Release|Any CPU
		{10713998-0327-493D-9003-6B155312346B}.Debug|Any CPU.ActiveCfg = Debug|Any CPU
		{10713998-0327-493D-9003-6B155312346B}.Debug|Any CPU.Build.0 = Debug|Any CPU
		{10713998-0327-493D-9003-6B155312346B}.Release|Any CPU.ActiveCfg = Release|Any CPU
		{10713998-0327-493D-9003-6B155312346B}.Release|Any CPU.Build.0 = Release|Any CPU
		{FBB31C94-C459-49E7-8F17-DFC942A85860}.Debug|Any CPU.ActiveCfg = Debug|Any CPU
		{FBB31C94-C459-49E7-8F17-DFC942A85860}.Debug|Any CPU.Build.0 = Debug|Any CPU
		{FBB31C94-C459-49E7-8F17-DFC942A85860}.Release|Any CPU.ActiveCfg = Release|Any CPU
		{FBB31C94-C459-49E7-8F17-DFC942A85860}.Release|Any CPU.Build.0 = Release|Any CPU
	EndGlobalSection
	GlobalSection(SolutionProperties) = preSolution
		HideSolutionNode = FALSE
	EndGlobalSection
	GlobalSection(NestedProjects) = preSolution
		{50209F5D-B6D2-4B7F-BCDB-5B42E4A2AE28} = {6075D7A4-A8C8-4598-ABA2-237777DBAA38}
		{7889DE48-5BDC-4E15-8F20-685AB436BBCD} = {7FE45999-B9F1-4387-913B-E979E0F4C44F}
		{81FF6E55-01DA-4FA7-B87F-460268268DD2} = {7FE45999-B9F1-4387-913B-E979E0F4C44F}
		{102C606F-CF5D-4948-94F0-69FE11705CB6} = {7FE45999-B9F1-4387-913B-E979E0F4C44F}
		{2EE84871-715D-473F-BC9C-1A78EA0C4AB7} = {7FE45999-B9F1-4387-913B-E979E0F4C44F}
		{90CE8CA8-536E-4243-9AA7-3A304C2861A7} = {7FE45999-B9F1-4387-913B-E979E0F4C44F}
		{E2A65E6D-F1D8-4B1E-8B81-4FC8B067AB72} = {7FE45999-B9F1-4387-913B-E979E0F4C44F}
		{AD90AEAA-BE59-4FE1-B645-7AAEE55BAA3E} = {7FE45999-B9F1-4387-913B-E979E0F4C44F}
		{E3D2F3A1-F752-4D42-B9F0-2B6FBAA4E0BC} = {6075D7A4-A8C8-4598-ABA2-237777DBAA38}
		{C821224B-D820-4F6F-8835-8BC50B032614} = {7FE45999-B9F1-4387-913B-E979E0F4C44F}
		{3B3F57EE-6658-4F26-B34D-51BA2030EB0F} = {7FE45999-B9F1-4387-913B-E979E0F4C44F}
		{BC17749E-75C9-40D2-A3C0-0A1B2DA17896} = {7FE45999-B9F1-4387-913B-E979E0F4C44F}
		{232DC83D-9AF5-486A-AC40-2854A3B55BB8} = {7FE45999-B9F1-4387-913B-E979E0F4C44F}
		{D31949CE-2DE4-4D5A-95EC-A90E4E20AB58} = {7FE45999-B9F1-4387-913B-E979E0F4C44F}
		{0383F883-9C5F-46E4-BC23-430E24A43510} = {7FE45999-B9F1-4387-913B-E979E0F4C44F}
		{6CA00820-596E-49C8-90F2-1E0F8830467F} = {7FE45999-B9F1-4387-913B-E979E0F4C44F}
		{FF457A2F-32EC-4377-AC25-0EF796766187} = {7FE45999-B9F1-4387-913B-E979E0F4C44F}
		{8FECDA61-09BE-4A5E-B257-FEEF4216913D} = {7FE45999-B9F1-4387-913B-E979E0F4C44F}
		{0B9B2781-9FFA-4DFE-9FC4-C67B65BCECF2} = {7FE45999-B9F1-4387-913B-E979E0F4C44F}
		{10713998-0327-493D-9003-6B155312346B} = {7FE45999-B9F1-4387-913B-E979E0F4C44F}
		{FBB31C94-C459-49E7-8F17-DFC942A85860} = {7FE45999-B9F1-4387-913B-E979E0F4C44F}
	EndGlobalSection
	GlobalSection(ExtensibilityGlobals) = postSolution
		SolutionGuid = {F0D1F7DD-89AF-4969-8941-D48A6A702D26}
	EndGlobalSection
EndGlobal
